<?xml version="1.0" encoding="utf-8"?>
<Project ToolsVersion="4.0" xmlns="http://schemas.microsoft.com/developer/msbuild/2003">
  <ItemGroup>
    <Filter Include="Source Files">
      <UniqueIdentifier>{4FC737F1-C7A5-4376-A066-2A32D752A2FF}</UniqueIdentifier>
      <Extensions>cpp;c;cc;cxx;def;odl;idl;hpj;bat;asm;asmx</Extensions>
    </Filter>
    <Filter Include="Header Files">
      <UniqueIdentifier>{93995380-89BD-4b04-88EB-625FBE52EBFB}</UniqueIdentifier>
      <Extensions>h;hpp;hxx;hm;inl;inc;xsd</Extensions>
    </Filter>
    <Filter Include="Resource Files">
      <UniqueIdentifier>{67DA6AB6-F800-4c08-8B7A-83BB121AAD01}</UniqueIdentifier>
      <Extensions>rc;ico;cur;bmp;dlg;rc2;rct;bin;rgs;gif;jpg;jpeg;jpe;resx;tiff;tif;png;wav</Extensions>
    </Filter>
  </ItemGroup>
  <ItemGroup>
    <ClInclude Include="source\array1.h">
      <Filter>Header Files</Filter>
    </ClInclude>
    <ClInclude Include="source\array2.h">
      <Filter>Header Files</Filter>
    </ClInclude>
    <ClInclude Include="source\array2_utils.h">
      <Filter>Header Files</Filter>
    </ClInclude>
    <ClInclude Include="source\array3.h">
      <Filter>Header Files</Filter>
    </ClInclude>
    <ClInclude Include="source\array3_utils.h">
      <Filter>Header Files</Filter>
    </ClInclude>
    <ClInclude Include="source\fluidsim.h">
      <Filter>Header Files</Filter>
    </ClInclude>
    <ClInclude Include="source\gluvi.h">
      <Filter>Header Files</Filter>
    </ClInclude>
    <ClInclude Include="source\hashgrid.h">
      <Filter>Header Files</Filter>
    </ClInclude>
    <ClInclude Include="source\hashtable.h">
      <Filter>Header Files</Filter>
    </ClInclude>
    <ClInclude Include="source\levelset_util.h">
      <Filter>Header Files</Filter>
    </ClInclude>
    <ClInclude Include="source\makelevelset3.h">
      <Filter>Header Files</Filter>
    </ClInclude>
    <ClInclude Include="source\obj.h">
      <Filter>Header Files</Filter>
    </ClInclude>
    <ClInclude Include="source\objloader.h">
      <Filter>Header Files</Filter>
    </ClInclude>
    <ClInclude Include="source\stb_image.h">
      <Filter>Header Files</Filter>
    </ClInclude>
    <ClInclude Include="source\stb_image_write.h">
      <Filter>Header Files</Filter>
    </ClInclude>
    <ClInclude Include="source\util.h">
      <Filter>Header Files</Filter>
    </ClInclude>
    <ClInclude Include="source\vec.h">
      <Filter>Header Files</Filter>
    </ClInclude>
    <ClInclude Include="source\particle.h">
      <Filter>Header Files</Filter>
    </ClInclude>
    <ClInclude Include="source\marching_cube.h">
      <Filter>Header Files</Filter>
    </ClInclude>
    <ClInclude Include="source\pcgsolver\blas_wrapper.h">
      <Filter>Header Files</Filter>
    </ClInclude>
    <ClInclude Include="source\pcgsolver\pcg_solver.h">
      <Filter>Header Files</Filter>
    </ClInclude>
    <ClInclude Include="source\pcgsolver\sparse_matrix.h">
      <Filter>Header Files</Filter>
    </ClInclude>
  </ItemGroup>
  <ItemGroup>
    <ClCompile Include="source\fluidsim.cpp">
      <Filter>Source Files</Filter>
    </ClCompile>
    <ClCompile Include="source\gluvi.cpp">
      <Filter>Source Files</Filter>
    </ClCompile>
    <ClCompile Include="source\levelset_util.cpp">
      <Filter>Source Files</Filter>
    </ClCompile>
    <ClCompile Include="source\main.cpp">
      <Filter>Source Files</Filter>
    </ClCompile>
    <ClCompile Include="source\makelevelset3.cpp">
      <Filter>Source Files</Filter>
    </ClCompile>
    <ClCompile Include="source\obj.cpp">
      <Filter>Source Files</Filter>
    </ClCompile>
    <ClCompile Include="source\objloader.cpp">
      <Filter>Source Files</Filter>
    </ClCompile>
    <ClCompile Include="source\stb_image.c">
      <Filter>Source Files</Filter>
    </ClCompile>
    <ClCompile Include="source\stb_image_write.c">
      <Filter>Source Files</Filter>
    </ClCompile>
  </ItemGroup>
</Project>